// !$*UTF8*$!
{
	archiveVersion = 1;
	classes = {
	};
	objectVersion = 50;
	objects = {

/* Begin PBXBuildFile section */
		F45C7993216D8A60004D3CB2 /* AppDelegate.swift in Sources */ = {isa = PBXBuildFile; fileRef = F45C7992216D8A60004D3CB2 /* AppDelegate.swift */; };
		F45C7995216D8A60004D3CB2 /* ViewController.swift in Sources */ = {isa = PBXBuildFile; fileRef = F45C7994216D8A60004D3CB2 /* ViewController.swift */; };
		F45C7998216D8A60004D3CB2 /* Main.storyboard in Resources */ = {isa = PBXBuildFile; fileRef = F45C7996216D8A60004D3CB2 /* Main.storyboard */; };
		F45C799A216D8A62004D3CB2 /* Assets.xcassets in Resources */ = {isa = PBXBuildFile; fileRef = F45C7999216D8A62004D3CB2 /* Assets.xcassets */; };
		F45C799D216D8A62004D3CB2 /* LaunchScreen.storyboard in Resources */ = {isa = PBXBuildFile; fileRef = F45C799B216D8A62004D3CB2 /* LaunchScreen.storyboard */; };
		F45C79A8216D8A63004D3CB2 /* ShoppingAppTests.swift in Sources */ = {isa = PBXBuildFile; fileRef = F45C79A7216D8A63004D3CB2 /* ShoppingAppTests.swift */; };
		F45C79B3216D8A63004D3CB2 /* ShoppingAppUITests.swift in Sources */ = {isa = PBXBuildFile; fileRef = F45C79B2216D8A63004D3CB2 /* ShoppingAppUITests.swift */; };
/* End PBXBuildFile section */

/* Begin PBXContainerItemProxy section */
		F45C79A4216D8A63004D3CB2 /* PBXContainerItemProxy */ = {
			isa = PBXContainerItemProxy;
			containerPortal = F45C7987216D8A60004D3CB2 /* Project object */;
			proxyType = 1;
			remoteGlobalIDString = F45C798E216D8A60004D3CB2;
			remoteInfo = ShoppingApp;
		};
		F45C79AF216D8A63004D3CB2 /* PBXContainerItemProxy */ = {
			isa = PBXContainerItemProxy;
			containerPortal = F45C7987216D8A60004D3CB2 /* Project object */;
			proxyType = 1;
			remoteGlobalIDString = F45C798E216D8A60004D3CB2;
			remoteInfo = ShoppingApp;
		};
/* End PBXContainerItemProxy section */

/* Begin PBXFileReference section */
		F45C798F216D8A60004D3CB2 /* ShoppingApp.app */ = {isa = PBXFileReference; explicitFileType = wrapper.application; includeInIndex = 0; path = ShoppingApp.app; sourceTree = BUILT_PRODUCTS_DIR; };
		F45C7992216D8A60004D3CB2 /* AppDelegate.swift */ = {isa = PBXFileReference; lastKnownFileType = sourcecode.swift; path = AppDelegate.swift; sourceTree = "<group>"; };
		F45C7994216D8A60004D3CB2 /* ViewController.swift */ = {isa = PBXFileReference; lastKnownFileType = sourcecode.swift; path = ViewController.swift; sourceTree = "<group>"; };
		F45C7997216D8A60004D3CB2 /* Base */ = {isa = PBXFileReference; lastKnownFileType = file.storyboard; name = Base; path = Base.lproj/Main.storyboard; sourceTree = "<group>"; };
		F45C7999216D8A62004D3CB2 /* Assets.xcassets */ = {isa = PBXFileReference; lastKnownFileType = folder.assetcatalog; path = Assets.xcassets; sourceTree = "<group>"; };
		F45C799C216D8A62004D3CB2 /* Base */ = {isa = PBXFileReference; lastKnownFileType = file.storyboard; name = Base; path = Base.lproj/LaunchScreen.storyboard; sourceTree = "<group>"; };
		F45C799E216D8A62004D3CB2 /* Info.plist */ = {isa = PBXFileReference; lastKnownFileType = text.plist.xml; path = Info.plist; sourceTree = "<group>"; };
		F45C79A3216D8A63004D3CB2 /* ShoppingAppTests.xctest */ = {isa = PBXFileReference; explicitFileType = wrapper.cfbundle; includeInIndex = 0; path = ShoppingAppTests.xctest; sourceTree = BUILT_PRODUCTS_DIR; };
		F45C79A7216D8A63004D3CB2 /* ShoppingAppTests.swift */ = {isa = PBXFileReference; lastKnownFileType = sourcecode.swift; path = ShoppingAppTests.swift; sourceTree = "<group>"; };
		F45C79A9216D8A63004D3CB2 /* Info.plist */ = {isa = PBXFileReference; lastKnownFileType = text.plist.xml; path = Info.plist; sourceTree = "<group>"; };
		F45C79AE216D8A63004D3CB2 /* ShoppingAppUITests.xctest */ = {isa = PBXFileReference; explicitFileType = wrapper.cfbundle; includeInIndex = 0; path = ShoppingAppUITests.xctest; sourceTree = BUILT_PRODUCTS_DIR; };
		F45C79B2216D8A63004D3CB2 /* ShoppingAppUITests.swift */ = {isa = PBXFileReference; lastKnownFileType = sourcecode.swift; path = ShoppingAppUITests.swift; sourceTree = "<group>"; };
		F45C79B4216D8A63004D3CB2 /* Info.plist */ = {isa = PBXFileReference; lastKnownFileType = text.plist.xml; path = Info.plist; sourceTree = "<group>"; };
/* End PBXFileReference section */

/* Begin PBXFrameworksBuildPhase section */
		F45C798C216D8A60004D3CB2 /* Frameworks */ = {
			isa = PBXFrameworksBuildPhase;
			buildActionMask = 2147483647;
			files = (
			);
			runOnlyForDeploymentPostprocessing = 0;
		};
		F45C79A0216D8A63004D3CB2 /* Frameworks */ = {
			isa = PBXFrameworksBuildPhase;
			buildActionMask = 2147483647;
			files = (
			);
			runOnlyForDeploymentPostprocessing = 0;
		};
		F45C79AB216D8A63004D3CB2 /* Frameworks */ = {
			isa = PBXFrameworksBuildPhase;
			buildActionMask = 2147483647;
			files = (
			);
			runOnlyForDeploymentPostprocessing = 0;
		};
/* End PBXFrameworksBuildPhase section */

/* Begin PBXGroup section */
		F45C7986216D8A60004D3CB2 = {
			isa = PBXGroup;
			children = (
				F45C7991216D8A60004D3CB2 /* ShoppingApp */,
				F45C79A6216D8A63004D3CB2 /* ShoppingAppTests */,
				F45C79B1216D8A63004D3CB2 /* ShoppingAppUITests */,
				F45C7990216D8A60004D3CB2 /* Products */,
			);
			sourceTree = "<group>";
		};
		F45C7990216D8A60004D3CB2 /* Products */ = {
			isa = PBXGroup;
			children = (
				F45C798F216D8A60004D3CB2 /* ShoppingApp.app */,
				F45C79A3216D8A63004D3CB2 /* ShoppingAppTests.xctest */,
				F45C79AE216D8A63004D3CB2 /* ShoppingAppUITests.xctest */,
			);
			name = Products;
			sourceTree = "<group>";
		};
		F45C7991216D8A60004D3CB2 /* ShoppingApp */ = {
			isa = PBXGroup;
			children = (
				F45C7992216D8A60004D3CB2 /* AppDelegate.swift */,
				F45C7994216D8A60004D3CB2 /* ViewController.swift */,
				F45C7996216D8A60004D3CB2 /* Main.storyboard */,
				F45C7999216D8A62004D3CB2 /* Assets.xcassets */,
				F45C799B216D8A62004D3CB2 /* LaunchScreen.storyboard */,
				F45C799E216D8A62004D3CB2 /* Info.plist */,
			);
			path = ShoppingApp;
			sourceTree = "<group>";
		};
		F45C79A6216D8A63004D3CB2 /* ShoppingAppTests */ = {
			isa = PBXGroup;
			children = (
				F45C79A7216D8A63004D3CB2 /* ShoppingAppTests.swift */,
				F45C79A9216D8A63004D3CB2 /* Info.plist */,
			);
			path = ShoppingAppTests;
			sourceTree = "<group>";
		};
		F45C79B1216D8A63004D3CB2 /* ShoppingAppUITests */ = {
			isa = PBXGroup;
			children = (
				F45C79B2216D8A63004D3CB2 /* ShoppingAppUITests.swift */,
				F45C79B4216D8A63004D3CB2 /* Info.plist */,
			);
			path = ShoppingAppUITests;
			sourceTree = "<group>";
		};
/* End PBXGroup section */

/* Begin PBXNativeTarget section */
		F45C798E216D8A60004D3CB2 /* ShoppingApp */ = {
			isa = PBXNativeTarget;
			buildConfigurationList = F45C79B7216D8A63004D3CB2 /* Build configuration list for PBXNativeTarget "ShoppingApp" */;
			buildPhases = (
				F45C798B216D8A60004D3CB2 /* Sources */,
				F45C798C216D8A60004D3CB2 /* Frameworks */,
				F45C798D216D8A60004D3CB2 /* Resources */,
			);
			buildRules = (
			);
			dependencies = (
			);
			name = ShoppingApp;
			productName = ShoppingApp;
			productReference = F45C798F216D8A60004D3CB2 /* ShoppingApp.app */;
			productType = "com.apple.product-type.application";
		};
		F45C79A2216D8A63004D3CB2 /* ShoppingAppTests */ = {
			isa = PBXNativeTarget;
			buildConfigurationList = F45C79BA216D8A63004D3CB2 /* Build configuration list for PBXNativeTarget "ShoppingAppTests" */;
			buildPhases = (
				F45C799F216D8A63004D3CB2 /* Sources */,
				F45C79A0216D8A63004D3CB2 /* Frameworks */,
				F45C79A1216D8A63004D3CB2 /* Resources */,
			);
			buildRules = (
			);
			dependencies = (
				F45C79A5216D8A63004D3CB2 /* PBXTargetDependency */,
			);
			name = ShoppingAppTests;
			productName = ShoppingAppTests;
			productReference = F45C79A3216D8A63004D3CB2 /* ShoppingAppTests.xctest */;
			productType = "com.apple.product-type.bundle.unit-test";
		};
		F45C79AD216D8A63004D3CB2 /* ShoppingAppUITests */ = {
			isa = PBXNativeTarget;
			buildConfigurationList = F45C79BD216D8A63004D3CB2 /* Build configuration list for PBXNativeTarget "ShoppingAppUITests" */;
			buildPhases = (
				F45C79AA216D8A63004D3CB2 /* Sources */,
				F45C79AB216D8A63004D3CB2 /* Frameworks */,
				F45C79AC216D8A63004D3CB2 /* Resources */,
			);
			buildRules = (
			);
			dependencies = (
				F45C79B0216D8A63004D3CB2 /* PBXTargetDependency */,
			);
			name = ShoppingAppUITests;
			productName = ShoppingAppUITests;
			productReference = F45C79AE216D8A63004D3CB2 /* ShoppingAppUITests.xctest */;
			productType = "com.apple.product-type.bundle.ui-testing";
		};
/* End PBXNativeTarget section */

/* Begin PBXProject section */
		F45C7987216D8A60004D3CB2 /* Project object */ = {
			isa = PBXProject;
			attributes = {
				LastSwiftUpdateCheck = 1000;
				LastUpgradeCheck = 1000;
				ORGANIZATIONNAME = "App Dev Club";
				TargetAttributes = {
					F45C798E216D8A60004D3CB2 = {
						CreatedOnToolsVersion = 10.0;
					};
					F45C79A2216D8A63004D3CB2 = {
						CreatedOnToolsVersion = 10.0;
						TestTargetID = F45C798E216D8A60004D3CB2;
					};
					F45C79AD216D8A63004D3CB2 = {
						CreatedOnToolsVersion = 10.0;
						TestTargetID = F45C798E216D8A60004D3CB2;
					};
				};
			};
			buildConfigurationList = F45C798A216D8A60004D3CB2 /* Build configuration list for PBXProject "ShoppingApp" */;
			compatibilityVersion = "Xcode 9.3";
			developmentRegion = en;
			hasScannedForEncodings = 0;
			knownRegions = (
				en,
				Base,
			);
			mainGroup = F45C7986216D8A60004D3CB2;
			productRefGroup = F45C7990216D8A60004D3CB2 /* Products */;
			projectDirPath = "";
			projectRoot = "";
			targets = (
				F45C798E216D8A60004D3CB2 /* ShoppingApp */,
				F45C79A2216D8A63004D3CB2 /* ShoppingAppTests */,
				F45C79AD216D8A63004D3CB2 /* ShoppingAppUITests */,
			);
		};
/* End PBXProject section */

/* Begin PBXResourcesBuildPhase section */
		F45C798D216D8A60004D3CB2 /* Resources */ = {
			isa = PBXResourcesBuildPhase;
			buildActionMask = 2147483647;
			files = (
				F45C799D216D8A62004D3CB2 /* LaunchScreen.storyboard in Resources */,
				F45C799A216D8A62004D3CB2 /* Assets.xcassets in Resources */,
				F45C7998216D8A60004D3CB2 /* Main.storyboard in Resources */,
			);
			runOnlyForDeploymentPostprocessing = 0;
		};
		F45C79A1216D8A63004D3CB2 /* Resources */ = {
			isa = PBXResourcesBuildPhase;
			buildActionMask = 2147483647;
			files = (
			);
			runOnlyForDeploymentPostprocessing = 0;
		};
		F45C79AC216D8A63004D3CB2 /* Resources */ = {
			isa = PBXResourcesBuildPhase;
			buildActionMask = 2147483647;
			files = (
			);
			runOnlyForDeploymentPostprocessing = 0;
		};
/* End PBXResourcesBuildPhase section */

/* Begin PBXSourcesBuildPhase section */
		F45C798B216D8A60004D3CB2 /* Sources */ = {
			isa = PBXSourcesBuildPhase;
			buildActionMask = 2147483647;
			files = (
				F45C7995216D8A60004D3CB2 /* ViewController.swift in Sources */,
				F45C7993216D8A60004D3CB2 /* AppDelegate.swift in Sources */,
			);
			runOnlyForDeploymentPostprocessing = 0;
		};
		F45C799F216D8A63004D3CB2 /* Sources */ = {
			isa = PBXSourcesBuildPhase;
			buildActionMask = 2147483647;
			files = (
				F45C79A8216D8A63004D3CB2 /* ShoppingAppTests.swift in Sources */,
			);
			runOnlyForDeploymentPostprocessing = 0;
		};
		F45C79AA216D8A63004D3CB2 /* Sources */ = {
			isa = PBXSourcesBuildPhase;
			buildActionMask = 2147483647;
			files = (
				F45C79B3216D8A63004D3CB2 /* ShoppingAppUITests.swift in Sources */,
			);
			runOnlyForDeploymentPostprocessing = 0;
		};
/* End PBXSourcesBuildPhase section */

/* Begin PBXTargetDependency section */
		F45C79A5216D8A63004D3CB2 /* PBXTargetDependency */ = {
			isa = PBXTargetDependency;
			target = F45C798E216D8A60004D3CB2 /* ShoppingApp */;
			targetProxy = F45C79A4216D8A63004D3CB2 /* PBXContainerItemProxy */;
		};
		F45C79B0216D8A63004D3CB2 /* PBXTargetDependency */ = {
			isa = PBXTargetDependency;
			target = F45C798E216D8A60004D3CB2 /* ShoppingApp */;
			targetProxy = F45C79AF216D8A63004D3CB2 /* PBXContainerItemProxy */;
		};
/* End PBXTargetDependency section */

/* Begin PBXVariantGroup section */
		F45C7996216D8A60004D3CB2 /* Main.storyboard */ = {
			isa = PBXVariantGroup;
			children = (
				F45C7997216D8A60004D3CB2 /* Base */,
			);
			name = Main.storyboard;
			sourceTree = "<group>";
		};
		F45C799B216D8A62004D3CB2 /* LaunchScreen.storyboard */ = {
			isa = PBXVariantGroup;
			children = (
				F45C799C216D8A62004D3CB2 /* Base */,
			);
			name = LaunchScreen.storyboard;
			sourceTree = "<group>";
		};
/* End PBXVariantGroup section */

/* Begin XCBuildConfiguration section */
		F45C79B5216D8A63004D3CB2 /* Debug */ = {
			isa = XCBuildConfiguration;
			buildSettings = {
				ALWAYS_SEARCH_USER_PATHS = NO;
				CLANG_ANALYZER_NONNULL = YES;
				CLANG_ANALYZER_NUMBER_OBJECT_CONVERSION = YES_AGGRESSIVE;
				CLANG_CXX_LANGUAGE_STANDARD = "gnu++14";
				CLANG_CXX_LIBRARY = "libc++";
				CLANG_ENABLE_MODULES = YES;
				CLANG_ENABLE_OBJC_ARC = YES;
				CLANG_ENABLE_OBJC_WEAK = YES;
				CLANG_WARN_BLOCK_CAPTURE_AUTORELEASING = YES;
				CLANG_WARN_BOOL_CONVERSION = YES;
				CLANG_WARN_COMMA = YES;
				CLANG_WARN_CONSTANT_CONVERSION = YES;
				CLANG_WARN_DEPRECATED_OBJC_IMPLEMENTATIONS = YES;
				CLANG_WARN_DIRECT_OBJC_ISA_USAGE = YES_ERROR;
				CLANG_WARN_DOCUMENTATION_COMMENTS = YES;
				CLANG_WARN_EMPTY_BODY = YES;
				CLANG_WARN_ENUM_CONVERSION = YES;
				CLANG_WARN_INFINITE_RECURSION = YES;
				CLANG_WARN_INT_CONVERSION = YES;
				CLANG_WARN_NON_LITERAL_NULL_CONVERSION = YES;
				CLANG_WARN_OBJC_IMPLICIT_RETAIN_SELF = YES;
				CLANG_WARN_OBJC_LITERAL_CONVERSION = YES;
				CLANG_WARN_OBJC_ROOT_CLASS = YES_ERROR;
				CLANG_WARN_RANGE_LOOP_ANALYSIS = YES;
				CLANG_WARN_STRICT_PROTOTYPES = YES;
				CLANG_WARN_SUSPICIOUS_MOVE = YES;
				CLANG_WARN_UNGUARDED_AVAILABILITY = YES_AGGRESSIVE;
				CLANG_WARN_UNREACHABLE_CODE = YES;
				CLANG_WARN__DUPLICATE_METHOD_MATCH = YES;
				CODE_SIGN_IDENTITY = "iPhone Developer";
				COPY_PHASE_STRIP = NO;
				DEBUG_INFORMATION_FORMAT = dwarf;
				ENABLE_STRICT_OBJC_MSGSEND = YES;
				ENABLE_TESTABILITY = YES;
				GCC_C_LANGUAGE_STANDARD = gnu11;
				GCC_DYNAMIC_NO_PIC = NO;
				GCC_NO_COMMON_BLOCKS = YES;
				GCC_OPTIMIZATION_LEVEL = 0;
				GCC_PREPROCESSOR_DEFINITIONS = (
					"DEBUG=1",
					"$(inherited)",
				);
				GCC_WARN_64_TO_32_BIT_CONVERSION = YES;
				GCC_WARN_ABOUT_RETURN_TYPE = YES_ERROR;
				GCC_WARN_UNDECLARED_SELECTOR = YES;
				GCC_WARN_UNINITIALIZED_AUTOS = YES_AGGRESSIVE;
				GCC_WARN_UNUSED_FUNCTION = YES;
				GCC_WARN_UNUSED_VARIABLE = YES;
				IPHONEOS_DEPLOYMENT_TARGET = 12.0;
				MTL_ENABLE_DEBUG_INFO = INCLUDE_SOURCE;
				MTL_FAST_MATH = YES;
				ONLY_ACTIVE_ARCH = YES;
				SDKROOT = iphoneos;
				SWIFT_ACTIVE_COMPILATION_CONDITIONS = DEBUG;
				SWIFT_OPTIMIZATION_LEVEL = "-Onone";
			};
			name = Debug;
		};
		F45C79B6216D8A63004D3CB2 /* Release */ = {
			isa = XCBuildConfiguration;
			buildSettings = {
				ALWAYS_SEARCH_USER_PATHS = NO;
				CLANG_ANALYZER_NONNULL = YES;
				CLANG_ANALYZER_NUMBER_OBJECT_CONVERSION = YES_AGGRESSIVE;
				CLANG_CXX_LANGUAGE_STANDARD = "gnu++14";
				CLANG_CXX_LIBRARY = "libc++";
				CLANG_ENABLE_MODULES = YES;
				CLANG_ENABLE_OBJC_ARC = YES;
				CLANG_ENABLE_OBJC_WEAK = YES;
				CLANG_WARN_BLOCK_CAPTURE_AUTORELEASING = YES;
				CLANG_WARN_BOOL_CONVERSION = YES;
				CLANG_WARN_COMMA = YES;
				CLANG_WARN_CONSTANT_CONVERSION = YES;
				CLANG_WARN_DEPRECATED_OBJC_IMPLEMENTATIONS = YES;
				CLANG_WARN_DIRECT_OBJC_ISA_USAGE = YES_ERROR;
				CLANG_WARN_DOCUMENTATION_COMMENTS = YES;
				CLANG_WARN_EMPTY_BODY = YES;
				CLANG_WARN_ENUM_CONVERSION = YES;
				CLANG_WARN_INFINITE_RECURSION = YES;
				CLANG_WARN_INT_CONVERSION = YES;
				CLANG_WARN_NON_LITERAL_NULL_CONVERSION = YES;
				CLANG_WARN_OBJC_IMPLICIT_RETAIN_SELF = YES;
				CLANG_WARN_OBJC_LITERAL_CONVERSION = YES;
				CLANG_WARN_OBJC_ROOT_CLASS = YES_ERROR;
				CLANG_WARN_RANGE_LOOP_ANALYSIS = YES;
				CLANG_WARN_STRICT_PROTOTYPES = YES;
				CLANG_WARN_SUSPICIOUS_MOVE = YES;
				CLANG_WARN_UNGUARDED_AVAILABILITY = YES_AGGRESSIVE;
				CLANG_WARN_UNREACHABLE_CODE = YES;
				CLANG_WARN__DUPLICATE_METHOD_MATCH = YES;
				CODE_SIGN_IDENTITY = "iPhone Developer";
				COPY_PHASE_STRIP = NO;
				DEBUG_INFORMATION_FORMAT = "dwarf-with-dsym";
				ENABLE_NS_ASSERTIONS = NO;
				ENABLE_STRICT_OBJC_MSGSEND = YES;
				GCC_C_LANGUAGE_STANDARD = gnu11;
				GCC_NO_COMMON_BLOCKS = YES;
				GCC_WARN_64_TO_32_BIT_CONVERSION = YES;
				GCC_WARN_ABOUT_RETURN_TYPE = YES_ERROR;
				GCC_WARN_UNDECLARED_SELECTOR = YES;
				GCC_WARN_UNINITIALIZED_AUTOS = YES_AGGRESSIVE;
				GCC_WARN_UNUSED_FUNCTION = YES;
				GCC_WARN_UNUSED_VARIABLE = YES;
				IPHONEOS_DEPLOYMENT_TARGET = 12.0;
				MTL_ENABLE_DEBUG_INFO = NO;
				MTL_FAST_MATH = YES;
				SDKROOT = iphoneos;
				SWIFT_COMPILATION_MODE = wholemodule;
				SWIFT_OPTIMIZATION_LEVEL = "-O";
				VALIDATE_PRODUCT = YES;
			};
			name = Release;
		};
		F45C79B8216D8A63004D3CB2 /* Debug */ = {
			isa = XCBuildConfiguration;
			buildSettings = {
				ASSETCATALOG_COMPILER_APPICON_NAME = AppIcon;
				CODE_SIGN_STYLE = Automatic;
				DEVELOPMENT_TEAM = 8BLE5HXQX9;
				INFOPLIST_FILE = ShoppingApp/Info.plist;
				LD_RUNPATH_SEARCH_PATHS = (
					"$(inherited)",
					"@executable_path/Frameworks",
				);
				PRODUCT_BUNDLE_IDENTIFIER = app.dev.club.ShoppingApp;
				PRODUCT_NAME = "$(TARGET_NAME)";
				SWIFT_VERSION = 4.2;
				TARGETED_DEVICE_FAMILY = "1,2";
			};
			name = Debug;
		};
		F45C79B9216D8A63004D3CB2 /* Release */ = {
			isa = XCBuildConfiguration;
			buildSettings = {
				ASSETCATALOG_COMPILER_APPICON_NAME = AppIcon;
				CODE_SIGN_STYLE = Automatic;
				DEVELOPMENT_TEAM = 8BLE5HXQX9;
				INFOPLIST_FILE = ShoppingApp/Info.plist;
				LD_RUNPATH_SEARCH_PATHS = (
					"$(inherited)",
					"@executable_path/Frameworks",
				);
				PRODUCT_BUNDLE_IDENTIFIER = app.dev.club.ShoppingApp;
				PRODUCT_NAME = "$(TARGET_NAME)";
				SWIFT_VERSION = 4.2;
				TARGETED_DEVICE_FAMILY = "1,2";
			};
			name = Release;
		};
		F45C79BB216D8A63004D3CB2 /* Debug */ = {
			isa = XCBuildConfiguration;
			buildSettings = {
				ALWAYS_EMBED_SWIFT_STANDARD_LIBRARIES = YES;
				BUNDLE_LOADER = "$(TEST_HOST)";
				CODE_SIGN_STYLE = Automatic;
				INFOPLIST_FILE = ShoppingAppTests/Info.plist;
				LD_RUNPATH_SEARCH_PATHS = (
					"$(inherited)",
					"@executable_path/Frameworks",
					"@loader_path/Frameworks",
				);
				PRODUCT_BUNDLE_IDENTIFIER = app.dev.club.ShoppingAppTests;
				PRODUCT_NAME = "$(TARGET_NAME)";
				SWIFT_VERSION = 4.2;
				TARGETED_DEVICE_FAMILY = "1,2";
				TEST_HOST = "$(BUILT_PRODUCTS_DIR)/ShoppingApp.app/ShoppingApp";
			};
			name = Debug;
		};
		F45C79BC216D8A63004D3CB2 /* Release */ = {
			isa = XCBuildConfiguration;
			buildSettings = {
				ALWAYS_EMBED_SWIFT_STANDARD_LIBRARIES = YES;
				BUNDLE_LOADER = "$(TEST_HOST)";
				CODE_SIGN_STYLE = Automatic;
				INFOPLIST_FILE = ShoppingAppTests/Info.plist;
				LD_RUNPATH_SEARCH_PATHS = (
					"$(inherited)",
					"@executable_path/Frameworks",
					"@loader_path/Frameworks",
				);
				PRODUCT_BUNDLE_IDENTIFIER = app.dev.club.ShoppingAppTests;
				PRODUCT_NAME = "$(TARGET_NAME)";
				SWIFT_VERSION = 4.2;
				TARGETED_DEVICE_FAMILY = "1,2";
				TEST_HOST = "$(BUILT_PRODUCTS_DIR)/ShoppingApp.app/ShoppingApp";
			};
			name = Release;
		};
		F45C79BE216D8A63004D3CB2 /* Debug */ = {
			isa = XCBuildConfiguration;
			buildSettings = {
				ALWAYS_EMBED_SWIFT_STANDARD_LIBRARIES = YES;
				CODE_SIGN_STYLE = Automatic;
				INFOPLIST_FILE = ShoppingAppUITests/Info.plist;
				LD_RUNPATH_SEARCH_PATHS = (
					"$(inherited)",
					"@executable_path/Frameworks",
					"@loader_path/Frameworks",
				);
				PRODUCT_BUNDLE_IDENTIFIER = app.dev.club.ShoppingAppUITests;
				PRODUCT_NAME = "$(TARGET_NAME)";
				SWIFT_VERSION = 4.2;
				TARGETED_DEVICE_FAMILY = "1,2";
				TEST_TARGET_NAME = ShoppingApp;
			};
			name = Debug;
		};
		F45C79BF216D8A63004D3CB2 /* Release */ = {
			isa = XCBuildConfiguration;
			buildSettings = {
				ALWAYS_EMBED_SWIFT_STANDARD_LIBRARIES = YES;
				CODE_SIGN_STYLE = Automatic;
				INFOPLIST_FILE = ShoppingAppUITests/Info.plist;
				LD_RUNPATH_SEARCH_PATHS = (
					"$(inherited)",
					"@executable_path/Frameworks",
					"@loader_path/Frameworks",
				);
				PRODUCT_BUNDLE_IDENTIFIER = app.dev.club.ShoppingAppUITests;
				PRODUCT_NAME = "$(TARGET_NAME)";
				SWIFT_VERSION = 4.2;
				TARGETED_DEVICE_FAMILY = "1,2";
				TEST_TARGET_NAME = ShoppingApp;
			};
			name = Release;
		};
/* End XCBuildConfiguration section */

/* Begin XCConfigurationList section */
		F45C798A216D8A60004D3CB2 /* Build configuration list for PBXProject "ShoppingApp" */ = {
			isa = XCConfigurationList;
			buildConfigurations = (
				F45C79B5216D8A63004D3CB2 /* Debug */,
				F45C79B6216D8A63004D3CB2 /* Release */,
			);
			defaultConfigurationIsVisible = 0;
			defaultConfigurationName = Release;
		};
		F45C79B7216D8A63004D3CB2 /* Build configuration list for PBXNativeTarget "ShoppingApp" */ = {
			isa = XCConfigurationList;
			buildConfigurations = (
				F45C79B8216D8A63004D3CB2 /* Debug */,
				F45C79B9216D8A63004D3CB2 /* Release */,
			);
			defaultConfigurationIsVisible = 0;
			defaultConfigurationName = Release;
		};
		F45C79BA216D8A63004D3CB2 /* Build configuration list for PBXNativeTarget "ShoppingAppTests" */ = {
			isa = XCConfigurationList;
			buildConfigurations = (
				F45C79BB216D8A63004D3CB2 /* Debug */,
				F45C79BC216D8A63004D3CB2 /* Release */,
			);
			defaultConfigurationIsVisible = 0;
			defaultConfigurationName = Release;
		};
		F45C79BD216D8A63004D3CB2 /* Build configuration list for PBXNativeTarget "ShoppingAppUITests" */ = {
			isa = XCConfigurationList;
			buildConfigurations = (
				F45C79BE216D8A63004D3CB2 /* Debug */,
				F45C79BF216D8A63004D3CB2 /* Release */,
			);
			defaultConfigurationIsVisible = 0;
			defaultConfigurationName = Release;
		};
/* End XCConfigurationList section */
	};
	rootObject = F45C7987216D8A60004D3CB2 /* Project object */;
}
